
Microsoft Visual Studio Solution File, Format Version 12.00
# Visual Studio 15
VisualStudioVersion = 15.0.28307.421
MinimumVisualStudioVersion = 10.0.40219.1
Project("{FAE04EC0-301F-11D3-BF4B-00C04F79EFBC}") = "Euler6_Kwadraty", "Euler6_Kwadraty\Euler6_Kwadraty.csproj", "{DF3A1EC1-BB7E-4A8D-8238-CBEA2B22F445}"
EndProject
Global
	GlobalSection(SolutionConfigurationPlatforms) = preSolution
		Debug|Any CPU = Debug|Any CPU
		Release|Any CPU = Release|Any CPU
	EndGlobalSection
	GlobalSection(ProjectConfigurationPlatforms) = postSolution
		{DF3A1EC1-BB7E-4A8D-8238-CBEA2B22F445}.Debug|Any CPU.ActiveCfg = Debug|Any CPU
		{DF3A1EC1-BB7E-4A8D-8238-CBEA2B22F445}.Debug|Any CPU.Build.0 = Debug|Any CPU
		{DF3A1EC1-BB7E-4A8D-8238-CBEA2B22F445}.Release|Any CPU.ActiveCfg = Release|Any CPU
		{DF3A1EC1-BB7E-4A8D-8238-CBEA2B22F445}.Release|Any CPU.Build.0 = Release|Any CPU
	EndGlobalSection
	GlobalSection(SolutionProperties) = preSolution
		HideSolutionNode = FALSE
	EndGlobalSection
	GlobalSection(ExtensibilityGlobals) = postSolution
		SolutionGuid = {5F942A66-D2EC-42D5-80A4-F99B626D29CA}
	EndGlobalSection
EndGlobal
