
Microsoft Visual Studio Solution File, Format Version 12.00
# Visual Studio 15
VisualStudioVersion = 15.0.28307.421
MinimumVisualStudioVersion = 10.0.40219.1
Project("{FAE04EC0-301F-11D3-BF4B-00C04F79EFBC}") = "Euler2_FIB", "Euler2_FIB\Euler2_FIB.csproj", "{6EB3B4C9-9297-4FBD-B10F-E1EF71B9BEBE}"
EndProject
Global
	GlobalSection(SolutionConfigurationPlatforms) = preSolution
		Debug|Any CPU = Debug|Any CPU
		Release|Any CPU = Release|Any CPU
	EndGlobalSection
	GlobalSection(ProjectConfigurationPlatforms) = postSolution
		{6EB3B4C9-9297-4FBD-B10F-E1EF71B9BEBE}.Debug|Any CPU.ActiveCfg = Debug|Any CPU
		{6EB3B4C9-9297-4FBD-B10F-E1EF71B9BEBE}.Debug|Any CPU.Build.0 = Debug|Any CPU
		{6EB3B4C9-9297-4FBD-B10F-E1EF71B9BEBE}.Release|Any CPU.ActiveCfg = Release|Any CPU
		{6EB3B4C9-9297-4FBD-B10F-E1EF71B9BEBE}.Release|Any CPU.Build.0 = Release|Any CPU
	EndGlobalSection
	GlobalSection(SolutionProperties) = preSolution
		HideSolutionNode = FALSE
	EndGlobalSection
	GlobalSection(ExtensibilityGlobals) = postSolution
		SolutionGuid = {91EECFD9-B171-4652-B7E2-B5D2E930EADA}
	EndGlobalSection
EndGlobal
