
Microsoft Visual Studio Solution File, Format Version 12.00
# Visual Studio 15
VisualStudioVersion = 15.0.28307.421
MinimumVisualStudioVersion = 10.0.40219.1
Project("{FAE04EC0-301F-11D3-BF4B-00C04F79EFBC}") = "Euler10_SumaPierwszych", "Euler10_SumaPierwszych\Euler10_SumaPierwszych.csproj", "{67CCDC67-4581-49C3-A2DC-0801D27BF03E}"
EndProject
Global
	GlobalSection(SolutionConfigurationPlatforms) = preSolution
		Debug|Any CPU = Debug|Any CPU
		Release|Any CPU = Release|Any CPU
	EndGlobalSection
	GlobalSection(ProjectConfigurationPlatforms) = postSolution
		{67CCDC67-4581-49C3-A2DC-0801D27BF03E}.Debug|Any CPU.ActiveCfg = Debug|Any CPU
		{67CCDC67-4581-49C3-A2DC-0801D27BF03E}.Debug|Any CPU.Build.0 = Debug|Any CPU
		{67CCDC67-4581-49C3-A2DC-0801D27BF03E}.Release|Any CPU.ActiveCfg = Release|Any CPU
		{67CCDC67-4581-49C3-A2DC-0801D27BF03E}.Release|Any CPU.Build.0 = Release|Any CPU
	EndGlobalSection
	GlobalSection(SolutionProperties) = preSolution
		HideSolutionNode = FALSE
	EndGlobalSection
	GlobalSection(ExtensibilityGlobals) = postSolution
		SolutionGuid = {E301D39A-DED2-4313-A069-EFE7851DC6EE}
	EndGlobalSection
EndGlobal
